
Microsoft Visual Studio Solution File, Format Version 12.00
# Visual Studio Version 17
VisualStudioVersion = 17.5.002.0
MinimumVisualStudioVersion = 10.0.40219.1
Project("{9A19103F-16F7-4668-BE54-9A1E7A4F7556}") = "Stopwatch", "Stopwatch.csproj", "{50E2A4B6-D17C-40C9-B64C-75981DCE7BE2}"
EndProject
Global
	GlobalSection(SolutionConfigurationPlatforms) = preSolution
		Debug|Any CPU = Debug|Any CPU
		Release|Any CPU = Release|Any CPU
	EndGlobalSection
	GlobalSection(ProjectConfigurationPlatforms) = postSolution
		{50E2A4B6-D17C-40C9-B64C-75981DCE7BE2}.Debug|Any CPU.ActiveCfg = Debug|Any CPU
		{50E2A4B6-D17C-40C9-B64C-75981DCE7BE2}.Debug|Any CPU.Build.0 = Debug|Any CPU
		{50E2A4B6-D17C-40C9-B64C-75981DCE7BE2}.Release|Any CPU.ActiveCfg = Release|Any CPU
		{50E2A4B6-D17C-40C9-B64C-75981DCE7BE2}.Release|Any CPU.Build.0 = Release|Any CPU
	EndGlobalSection
	GlobalSection(SolutionProperties) = preSolution
		HideSolutionNode = FALSE
	EndGlobalSection
	GlobalSection(ExtensibilityGlobals) = postSolution
		SolutionGuid = {14ADC02E-2B7F-4663-AD5C-EE6C23AF1867}
	EndGlobalSection
EndGlobal
